
Microsoft Visual Studio Solution File, Format Version 12.00
# Visual Studio Version 17
VisualStudioVersion = 17.10.34916.146
MinimumVisualStudioVersion = 10.0.40219.1
Project("{FAE04EC0-301F-11D3-BF4B-00C04F79EFBC}") = "VresToRestau2", "VresToRestau2\VresToRestau2.csproj", "{B0D6F684-DF00-4FD1-8B57-71C3CC97B35F}"
EndProject
Global
	GlobalSection(SolutionConfigurationPlatforms) = preSolution
		Debug|Any CPU = Debug|Any CPU
		Release|Any CPU = Release|Any CPU
	EndGlobalSection
	GlobalSection(ProjectConfigurationPlatforms) = postSolution
		{B0D6F684-DF00-4FD1-8B57-71C3CC97B35F}.Debug|Any CPU.ActiveCfg = Debug|Any CPU
		{B0D6F684-DF00-4FD1-8B57-71C3CC97B35F}.Debug|Any CPU.Build.0 = Debug|Any CPU
		{B0D6F684-DF00-4FD1-8B57-71C3CC97B35F}.Release|Any CPU.ActiveCfg = Release|Any CPU
		{B0D6F684-DF00-4FD1-8B57-71C3CC97B35F}.Release|Any CPU.Build.0 = Release|Any CPU
	EndGlobalSection
	GlobalSection(SolutionProperties) = preSolution
		HideSolutionNode = FALSE
	EndGlobalSection
	GlobalSection(ExtensibilityGlobals) = postSolution
		SolutionGuid = {8E9DF587-C216-4001-A5F8-64F4F8FF4AB5}
	EndGlobalSection
EndGlobal
